
Microsoft Visual Studio Solution File, Format Version 12.00
# Visual Studio 15
VisualStudioVersion = 15.0.27703.2000
MinimumVisualStudioVersion = 10.0.40219.1
Project("{FAE04EC0-301F-11D3-BF4B-00C04F79EFBC}") = "DomainLib", "DomainLib\DomainLib.csproj", "{1A7D7E23-83EE-44C9-B07B-6A432D0BB959}"
EndProject
Project("{FAE04EC0-301F-11D3-BF4B-00C04F79EFBC}") = "REST", "REST\REST.csproj", "{A012199A-BBF4-40B8-B030-9FE1DF27F278}"
EndProject
Global
	GlobalSection(SolutionConfigurationPlatforms) = preSolution
		Debug|Any CPU = Debug|Any CPU
		Release|Any CPU = Release|Any CPU
	EndGlobalSection
	GlobalSection(ProjectConfigurationPlatforms) = postSolution
		{1A7D7E23-83EE-44C9-B07B-6A432D0BB959}.Debug|Any CPU.ActiveCfg = Debug|Any CPU
		{1A7D7E23-83EE-44C9-B07B-6A432D0BB959}.Debug|Any CPU.Build.0 = Debug|Any CPU
		{1A7D7E23-83EE-44C9-B07B-6A432D0BB959}.Release|Any CPU.ActiveCfg = Release|Any CPU
		{1A7D7E23-83EE-44C9-B07B-6A432D0BB959}.Release|Any CPU.Build.0 = Release|Any CPU
		{A012199A-BBF4-40B8-B030-9FE1DF27F278}.Debug|Any CPU.ActiveCfg = Debug|Any CPU
		{A012199A-BBF4-40B8-B030-9FE1DF27F278}.Debug|Any CPU.Build.0 = Debug|Any CPU
		{A012199A-BBF4-40B8-B030-9FE1DF27F278}.Release|Any CPU.ActiveCfg = Release|Any CPU
		{A012199A-BBF4-40B8-B030-9FE1DF27F278}.Release|Any CPU.Build.0 = Release|Any CPU
	EndGlobalSection
	GlobalSection(SolutionProperties) = preSolution
		HideSolutionNode = FALSE
	EndGlobalSection
	GlobalSection(ExtensibilityGlobals) = postSolution
		SolutionGuid = {70512918-BCAE-4FA0-939B-D1A536C76537}
	EndGlobalSection
EndGlobal
