
Microsoft Visual Studio Solution File, Format Version 12.00
# Visual Studio 14
VisualStudioVersion = 14.0.25420.1
MinimumVisualStudioVersion = 10.0.40219.1
Project("{FAE04EC0-301F-11D3-BF4B-00C04F79EFBC}") = "LabMppCurseWPF", "LabMppCurseWPF\LabMppCurseWPF.csproj", "{4635DEB0-5D26-4C5E-9AED-FB90B5E9FE18}"
EndProject
Project("{FAE04EC0-301F-11D3-BF4B-00C04F79EFBC}") = "ServerCurseMpp", "ServerCurseMpp\ServerCurseMpp.csproj", "{C2C193A7-CCC4-432C-AE39-42DAC7812F07}"
EndProject
Project("{FAE04EC0-301F-11D3-BF4B-00C04F79EFBC}") = "Model", "Model\Model.csproj", "{9ACB6E06-B8CE-447E-8C70-7794F47D636B}"
EndProject
Project("{FAE04EC0-301F-11D3-BF4B-00C04F79EFBC}") = "Utils", "Utils\Utils.csproj", "{B7637814-FCFB-4195-911A-58B416992C88}"
EndProject
Project("{FAE04EC0-301F-11D3-BF4B-00C04F79EFBC}") = "Repository", "Repository\Repository.csproj", "{28940D97-A9E9-49DB-AC1F-0E279EE69590}"
EndProject
Project("{FAE04EC0-301F-11D3-BF4B-00C04F79EFBC}") = "Networking", "Networking\Networking.csproj", "{F2428DFA-3816-4E6E-9D86-E252D149B698}"
EndProject
Project("{FAE04EC0-301F-11D3-BF4B-00C04F79EFBC}") = "ServicesInterfaces", "ServicesInterfaces\ServicesInterfaces.csproj", "{0E93AE72-CFBE-4BAF-BB38-C6C4E52D6D4F}"
EndProject
Global
	GlobalSection(SolutionConfigurationPlatforms) = preSolution
		Debug|Any CPU = Debug|Any CPU
		Release|Any CPU = Release|Any CPU
	EndGlobalSection
	GlobalSection(ProjectConfigurationPlatforms) = postSolution
		{4635DEB0-5D26-4C5E-9AED-FB90B5E9FE18}.Debug|Any CPU.ActiveCfg = Debug|Any CPU
		{4635DEB0-5D26-4C5E-9AED-FB90B5E9FE18}.Debug|Any CPU.Build.0 = Debug|Any CPU
		{4635DEB0-5D26-4C5E-9AED-FB90B5E9FE18}.Release|Any CPU.ActiveCfg = Release|Any CPU
		{4635DEB0-5D26-4C5E-9AED-FB90B5E9FE18}.Release|Any CPU.Build.0 = Release|Any CPU
		{C2C193A7-CCC4-432C-AE39-42DAC7812F07}.Debug|Any CPU.ActiveCfg = Debug|Any CPU
		{C2C193A7-CCC4-432C-AE39-42DAC7812F07}.Debug|Any CPU.Build.0 = Debug|Any CPU
		{C2C193A7-CCC4-432C-AE39-42DAC7812F07}.Release|Any CPU.ActiveCfg = Release|Any CPU
		{C2C193A7-CCC4-432C-AE39-42DAC7812F07}.Release|Any CPU.Build.0 = Release|Any CPU
		{9ACB6E06-B8CE-447E-8C70-7794F47D636B}.Debug|Any CPU.ActiveCfg = Debug|Any CPU
		{9ACB6E06-B8CE-447E-8C70-7794F47D636B}.Debug|Any CPU.Build.0 = Debug|Any CPU
		{9ACB6E06-B8CE-447E-8C70-7794F47D636B}.Release|Any CPU.ActiveCfg = Release|Any CPU
		{9ACB6E06-B8CE-447E-8C70-7794F47D636B}.Release|Any CPU.Build.0 = Release|Any CPU
		{B7637814-FCFB-4195-911A-58B416992C88}.Debug|Any CPU.ActiveCfg = Debug|Any CPU
		{B7637814-FCFB-4195-911A-58B416992C88}.Debug|Any CPU.Build.0 = Debug|Any CPU
		{B7637814-FCFB-4195-911A-58B416992C88}.Release|Any CPU.ActiveCfg = Release|Any CPU
		{B7637814-FCFB-4195-911A-58B416992C88}.Release|Any CPU.Build.0 = Release|Any CPU
		{28940D97-A9E9-49DB-AC1F-0E279EE69590}.Debug|Any CPU.ActiveCfg = Debug|Any CPU
		{28940D97-A9E9-49DB-AC1F-0E279EE69590}.Debug|Any CPU.Build.0 = Debug|Any CPU
		{28940D97-A9E9-49DB-AC1F-0E279EE69590}.Release|Any CPU.ActiveCfg = Release|Any CPU
		{28940D97-A9E9-49DB-AC1F-0E279EE69590}.Release|Any CPU.Build.0 = Release|Any CPU
		{F2428DFA-3816-4E6E-9D86-E252D149B698}.Debug|Any CPU.ActiveCfg = Debug|Any CPU
		{F2428DFA-3816-4E6E-9D86-E252D149B698}.Debug|Any CPU.Build.0 = Debug|Any CPU
		{F2428DFA-3816-4E6E-9D86-E252D149B698}.Release|Any CPU.ActiveCfg = Release|Any CPU
		{F2428DFA-3816-4E6E-9D86-E252D149B698}.Release|Any CPU.Build.0 = Release|Any CPU
		{0E93AE72-CFBE-4BAF-BB38-C6C4E52D6D4F}.Debug|Any CPU.ActiveCfg = Debug|Any CPU
		{0E93AE72-CFBE-4BAF-BB38-C6C4E52D6D4F}.Debug|Any CPU.Build.0 = Debug|Any CPU
		{0E93AE72-CFBE-4BAF-BB38-C6C4E52D6D4F}.Release|Any CPU.ActiveCfg = Release|Any CPU
		{0E93AE72-CFBE-4BAF-BB38-C6C4E52D6D4F}.Release|Any CPU.Build.0 = Release|Any CPU
	EndGlobalSection
	GlobalSection(SolutionProperties) = preSolution
		HideSolutionNode = FALSE
	EndGlobalSection
EndGlobal
